
Microsoft Visual Studio Solution File, Format Version 12.00
# Visual Studio Express 2012 for Windows Desktop
Project("{8BC9CEB8-8B4A-11D0-8D11-00A0C91BC942}") = "Lab1", "Lab1\Lab1.vcxproj", "{CCA6973A-00F8-4590-8581-D00BFA9232CF}"
EndProject
Project("{8BC9CEB8-8B4A-11D0-8D11-00A0C91BC942}") = "Lab2", "Lab2\Lab2.vcxproj", "{4DFE54AA-2158-4C7F-A2D3-88B337FFE9D2}"
EndProject
Project("{8BC9CEB8-8B4A-11D0-8D11-00A0C91BC942}") = "Lab3", "Lab3\Lab3.vcxproj", "{567BB3FF-BE72-4DAE-B091-5AD8AACC3748}"
EndProject
Project("{8BC9CEB8-8B4A-11D0-8D11-00A0C91BC942}") = "Lab4", "Lab4\Lab4.vcxproj", "{F9D16AC0-EDE2-4973-AD1A-74034EFCCA26}"
EndProject
Project("{8BC9CEB8-8B4A-11D0-8D11-00A0C91BC942}") = "Lab5", "Lab5\Lab5.vcxproj", "{97BC79E1-E4E8-493A-A759-E553F4BB586E}"
EndProject
Project("{8BC9CEB8-8B4A-11D0-8D11-00A0C91BC942}") = "Lab6", "Lab6\Lab6.vcxproj", "{8377447A-1B7C-4BBD-ABBA-34C3E1ACEA32}"
EndProject
Global
	GlobalSection(SolutionConfigurationPlatforms) = preSolution
		Debug|Win32 = Debug|Win32
		Release|Win32 = Release|Win32
	EndGlobalSection
	GlobalSection(ProjectConfigurationPlatforms) = postSolution
		{CCA6973A-00F8-4590-8581-D00BFA9232CF}.Debug|Win32.ActiveCfg = Debug|Win32
		{CCA6973A-00F8-4590-8581-D00BFA9232CF}.Debug|Win32.Build.0 = Debug|Win32
		{CCA6973A-00F8-4590-8581-D00BFA9232CF}.Release|Win32.ActiveCfg = Release|Win32
		{CCA6973A-00F8-4590-8581-D00BFA9232CF}.Release|Win32.Build.0 = Release|Win32
		{4DFE54AA-2158-4C7F-A2D3-88B337FFE9D2}.Debug|Win32.ActiveCfg = Debug|Win32
		{4DFE54AA-2158-4C7F-A2D3-88B337FFE9D2}.Debug|Win32.Build.0 = Debug|Win32
		{4DFE54AA-2158-4C7F-A2D3-88B337FFE9D2}.Release|Win32.ActiveCfg = Release|Win32
		{4DFE54AA-2158-4C7F-A2D3-88B337FFE9D2}.Release|Win32.Build.0 = Release|Win32
		{567BB3FF-BE72-4DAE-B091-5AD8AACC3748}.Debug|Win32.ActiveCfg = Debug|Win32
		{567BB3FF-BE72-4DAE-B091-5AD8AACC3748}.Debug|Win32.Build.0 = Debug|Win32
		{567BB3FF-BE72-4DAE-B091-5AD8AACC3748}.Release|Win32.ActiveCfg = Release|Win32
		{567BB3FF-BE72-4DAE-B091-5AD8AACC3748}.Release|Win32.Build.0 = Release|Win32
		{F9D16AC0-EDE2-4973-AD1A-74034EFCCA26}.Debug|Win32.ActiveCfg = Debug|Win32
		{F9D16AC0-EDE2-4973-AD1A-74034EFCCA26}.Debug|Win32.Build.0 = Debug|Win32
		{F9D16AC0-EDE2-4973-AD1A-74034EFCCA26}.Release|Win32.ActiveCfg = Release|Win32
		{F9D16AC0-EDE2-4973-AD1A-74034EFCCA26}.Release|Win32.Build.0 = Release|Win32
		{97BC79E1-E4E8-493A-A759-E553F4BB586E}.Debug|Win32.ActiveCfg = Debug|Win32
		{97BC79E1-E4E8-493A-A759-E553F4BB586E}.Debug|Win32.Build.0 = Debug|Win32
		{97BC79E1-E4E8-493A-A759-E553F4BB586E}.Release|Win32.ActiveCfg = Release|Win32
		{97BC79E1-E4E8-493A-A759-E553F4BB586E}.Release|Win32.Build.0 = Release|Win32
		{8377447A-1B7C-4BBD-ABBA-34C3E1ACEA32}.Debug|Win32.ActiveCfg = Debug|Win32
		{8377447A-1B7C-4BBD-ABBA-34C3E1ACEA32}.Debug|Win32.Build.0 = Debug|Win32
		{8377447A-1B7C-4BBD-ABBA-34C3E1ACEA32}.Release|Win32.ActiveCfg = Release|Win32
		{8377447A-1B7C-4BBD-ABBA-34C3E1ACEA32}.Release|Win32.Build.0 = Release|Win32
	EndGlobalSection
	GlobalSection(SolutionProperties) = preSolution
		HideSolutionNode = FALSE
	EndGlobalSection
EndGlobal
